
Microsoft Visual Studio Solution File, Format Version 12.00
# Visual Studio Version 17
VisualStudioVersion = 17.3.32929.385
MinimumVisualStudioVersion = 10.0.40219.1
Project("{FAE04EC0-301F-11D3-BF4B-00C04F79EFBC}") = "EntityFramework", "EntityFramework\EntityFramework.csproj", "{DC224CB8-C408-4E15-92A2-98CC0FB81CBF}"
EndProject
Global
	GlobalSection(SolutionConfigurationPlatforms) = preSolution
		Debug|Any CPU = Debug|Any CPU
		Release|Any CPU = Release|Any CPU
	EndGlobalSection
	GlobalSection(ProjectConfigurationPlatforms) = postSolution
		{DC224CB8-C408-4E15-92A2-98CC0FB81CBF}.Debug|Any CPU.ActiveCfg = Debug|Any CPU
		{DC224CB8-C408-4E15-92A2-98CC0FB81CBF}.Debug|Any CPU.Build.0 = Debug|Any CPU
		{DC224CB8-C408-4E15-92A2-98CC0FB81CBF}.Release|Any CPU.ActiveCfg = Release|Any CPU
		{DC224CB8-C408-4E15-92A2-98CC0FB81CBF}.Release|Any CPU.Build.0 = Release|Any CPU
	EndGlobalSection
	GlobalSection(SolutionProperties) = preSolution
		HideSolutionNode = FALSE
	EndGlobalSection
	GlobalSection(ExtensibilityGlobals) = postSolution
		SolutionGuid = {5BC6EA65-3B90-41BA-BE96-7729881584AA}
	EndGlobalSection
EndGlobal
